// !$*UTF8*$!
{
	archiveVersion = 1;
	classes = {
	};
	objectVersion = 46;
	objects = {

/* Begin PBXBuildFile section */
		FE3405691F20A7A900C065F7 /* AxesDrawer.swift in Sources */ = {isa = PBXBuildFile; fileRef = FE3405681F20A7A900C065F7 /* AxesDrawer.swift */; };
		FE34056B1F20A7E400C065F7 /* GraphView.swift in Sources */ = {isa = PBXBuildFile; fileRef = FE34056A1F20A7E400C065F7 /* GraphView.swift */; };
		FE34056D1F20A82A00C065F7 /* GraphViewController.swift in Sources */ = {isa = PBXBuildFile; fileRef = FE34056C1F20A82A00C065F7 /* GraphViewController.swift */; };
		FEA2C1BF1F179A3B00FAD1B6 /* CalculatorBrain.swift in Sources */ = {isa = PBXBuildFile; fileRef = FEA2C1BE1F179A3B00FAD1B6 /* CalculatorBrain.swift */; };
		FEC1D9B41F15AD7C00910731 /* AppDelegate.swift in Sources */ = {isa = PBXBuildFile; fileRef = FEC1D9B31F15AD7C00910731 /* AppDelegate.swift */; };
		FEC1D9B61F15AD7C00910731 /* CalculatorViewController.swift in Sources */ = {isa = PBXBuildFile; fileRef = FEC1D9B51F15AD7C00910731 /* CalculatorViewController.swift */; };
		FEC1D9B91F15AD7C00910731 /* Main.storyboard in Resources */ = {isa = PBXBuildFile; fileRef = FEC1D9B71F15AD7C00910731 /* Main.storyboard */; };
		FEC1D9BB1F15AD7C00910731 /* Assets.xcassets in Resources */ = {isa = PBXBuildFile; fileRef = FEC1D9BA1F15AD7C00910731 /* Assets.xcassets */; };
		FEC1D9BE1F15AD7C00910731 /* LaunchScreen.storyboard in Resources */ = {isa = PBXBuildFile; fileRef = FEC1D9BC1F15AD7C00910731 /* LaunchScreen.storyboard */; };
		FEF66D251F22267700F2A8C1 /* SplitViewController.swift in Sources */ = {isa = PBXBuildFile; fileRef = FEF66D241F22267700F2A8C1 /* SplitViewController.swift */; };
/* End PBXBuildFile section */

/* Begin PBXFileReference section */
		FE3405681F20A7A900C065F7 /* AxesDrawer.swift */ = {isa = PBXFileReference; fileEncoding = 4; lastKnownFileType = sourcecode.swift; path = AxesDrawer.swift; sourceTree = "<group>"; };
		FE34056A1F20A7E400C065F7 /* GraphView.swift */ = {isa = PBXFileReference; fileEncoding = 4; lastKnownFileType = sourcecode.swift; path = GraphView.swift; sourceTree = "<group>"; };
		FE34056C1F20A82A00C065F7 /* GraphViewController.swift */ = {isa = PBXFileReference; fileEncoding = 4; lastKnownFileType = sourcecode.swift; path = GraphViewController.swift; sourceTree = "<group>"; };
		FEA2C1BE1F179A3B00FAD1B6 /* CalculatorBrain.swift */ = {isa = PBXFileReference; fileEncoding = 4; lastKnownFileType = sourcecode.swift; path = CalculatorBrain.swift; sourceTree = "<group>"; };
		FEC1D9B01F15AD7C00910731 /* Calculator.app */ = {isa = PBXFileReference; explicitFileType = wrapper.application; includeInIndex = 0; path = Calculator.app; sourceTree = BUILT_PRODUCTS_DIR; };
		FEC1D9B31F15AD7C00910731 /* AppDelegate.swift */ = {isa = PBXFileReference; lastKnownFileType = sourcecode.swift; path = AppDelegate.swift; sourceTree = "<group>"; };
		FEC1D9B51F15AD7C00910731 /* CalculatorViewController.swift */ = {isa = PBXFileReference; lastKnownFileType = sourcecode.swift; path = CalculatorViewController.swift; sourceTree = "<group>"; };
		FEC1D9B81F15AD7C00910731 /* Base */ = {isa = PBXFileReference; lastKnownFileType = file.storyboard; name = Base; path = Base.lproj/Main.storyboard; sourceTree = "<group>"; };
		FEC1D9BA1F15AD7C00910731 /* Assets.xcassets */ = {isa = PBXFileReference; lastKnownFileType = folder.assetcatalog; path = Assets.xcassets; sourceTree = "<group>"; };
		FEC1D9BD1F15AD7C00910731 /* Base */ = {isa = PBXFileReference; lastKnownFileType = file.storyboard; name = Base; path = Base.lproj/LaunchScreen.storyboard; sourceTree = "<group>"; };
		FEC1D9BF1F15AD7C00910731 /* Info.plist */ = {isa = PBXFileReference; lastKnownFileType = text.plist.xml; path = Info.plist; sourceTree = "<group>"; };
		FEF66D241F22267700F2A8C1 /* SplitViewController.swift */ = {isa = PBXFileReference; fileEncoding = 4; lastKnownFileType = sourcecode.swift; path = SplitViewController.swift; sourceTree = "<group>"; };
/* End PBXFileReference section */

/* Begin PBXFrameworksBuildPhase section */
		FEC1D9AD1F15AD7B00910731 /* Frameworks */ = {
			isa = PBXFrameworksBuildPhase;
			buildActionMask = 2147483647;
			files = (
			);
			runOnlyForDeploymentPostprocessing = 0;
		};
/* End PBXFrameworksBuildPhase section */

/* Begin PBXGroup section */
		FEC1D9A71F15AD7B00910731 = {
			isa = PBXGroup;
			children = (
				FEC1D9B21F15AD7C00910731 /* Calculator */,
				FEC1D9B11F15AD7C00910731 /* Products */,
			);
			sourceTree = "<group>";
		};
		FEC1D9B11F15AD7C00910731 /* Products */ = {
			isa = PBXGroup;
			children = (
				FEC1D9B01F15AD7C00910731 /* Calculator.app */,
			);
			name = Products;
			sourceTree = "<group>";
		};
		FEC1D9B21F15AD7C00910731 /* Calculator */ = {
			isa = PBXGroup;
			children = (
				FEC1D9B31F15AD7C00910731 /* AppDelegate.swift */,
				FEC1D9B51F15AD7C00910731 /* CalculatorViewController.swift */,
				FEA2C1BE1F179A3B00FAD1B6 /* CalculatorBrain.swift */,
				FE3405681F20A7A900C065F7 /* AxesDrawer.swift */,
				FE34056C1F20A82A00C065F7 /* GraphViewController.swift */,
				FE34056A1F20A7E400C065F7 /* GraphView.swift */,
				FEF66D241F22267700F2A8C1 /* SplitViewController.swift */,
				FEC1D9B71F15AD7C00910731 /* Main.storyboard */,
				FEC1D9BA1F15AD7C00910731 /* Assets.xcassets */,
				FEC1D9BC1F15AD7C00910731 /* LaunchScreen.storyboard */,
				FEC1D9BF1F15AD7C00910731 /* Info.plist */,
			);
			path = Calculator;
			sourceTree = "<group>";
		};
/* End PBXGroup section */

/* Begin PBXNativeTarget section */
		FEC1D9AF1F15AD7B00910731 /* Calculator */ = {
			isa = PBXNativeTarget;
			buildConfigurationList = FEC1D9C21F15AD7C00910731 /* Build configuration list for PBXNativeTarget "Calculator" */;
			buildPhases = (
				FEC1D9AC1F15AD7B00910731 /* Sources */,
				FEC1D9AD1F15AD7B00910731 /* Frameworks */,
				FEC1D9AE1F15AD7B00910731 /* Resources */,
			);
			buildRules = (
			);
			dependencies = (
			);
			name = Calculator;
			productName = Calculator;
			productReference = FEC1D9B01F15AD7C00910731 /* Calculator.app */;
			productType = "com.apple.product-type.application";
		};
/* End PBXNativeTarget section */

/* Begin PBXProject section */
		FEC1D9A81F15AD7B00910731 /* Project object */ = {
			isa = PBXProject;
			attributes = {
				LastSwiftUpdateCheck = 0820;
				LastUpgradeCheck = 0820;
				ORGANIZATIONNAME = "Tong Qiu";
				TargetAttributes = {
					FEC1D9AF1F15AD7B00910731 = {
						CreatedOnToolsVersion = 8.2;
						DevelopmentTeam = G26695ASWW;
						ProvisioningStyle = Automatic;
					};
				};
			};
			buildConfigurationList = FEC1D9AB1F15AD7B00910731 /* Build configuration list for PBXProject "Calculator" */;
			compatibilityVersion = "Xcode 3.2";
			developmentRegion = English;
			hasScannedForEncodings = 0;
			knownRegions = (
				en,
				Base,
			);
			mainGroup = FEC1D9A71F15AD7B00910731;
			productRefGroup = FEC1D9B11F15AD7C00910731 /* Products */;
			projectDirPath = "";
			projectRoot = "";
			targets = (
				FEC1D9AF1F15AD7B00910731 /* Calculator */,
			);
		};
/* End PBXProject section */

/* Begin PBXResourcesBuildPhase section */
		FEC1D9AE1F15AD7B00910731 /* Resources */ = {
			isa = PBXResourcesBuildPhase;
			buildActionMask = 2147483647;
			files = (
				FEC1D9BE1F15AD7C00910731 /* LaunchScreen.storyboard in Resources */,
				FEC1D9BB1F15AD7C00910731 /* Assets.xcassets in Resources */,
				FEC1D9B91F15AD7C00910731 /* Main.storyboard in Resources */,
			);
			runOnlyForDeploymentPostprocessing = 0;
		};
/* End PBXResourcesBuildPhase section */

/* Begin PBXSourcesBuildPhase section */
		FEC1D9AC1F15AD7B00910731 /* Sources */ = {
			isa = PBXSourcesBuildPhase;
			buildActionMask = 2147483647;
			files = (
				FE34056B1F20A7E400C065F7 /* GraphView.swift in Sources */,
				FEF66D251F22267700F2A8C1 /* SplitViewController.swift in Sources */,
				FEA2C1BF1F179A3B00FAD1B6 /* CalculatorBrain.swift in Sources */,
				FE3405691F20A7A900C065F7 /* AxesDrawer.swift in Sources */,
				FE34056D1F20A82A00C065F7 /* GraphViewController.swift in Sources */,
				FEC1D9B61F15AD7C00910731 /* CalculatorViewController.swift in Sources */,
				FEC1D9B41F15AD7C00910731 /* AppDelegate.swift in Sources */,
			);
			runOnlyForDeploymentPostprocessing = 0;
		};
/* End PBXSourcesBuildPhase section */

/* Begin PBXVariantGroup section */
		FEC1D9B71F15AD7C00910731 /* Main.storyboard */ = {
			isa = PBXVariantGroup;
			children = (
				FEC1D9B81F15AD7C00910731 /* Base */,
			);
			name = Main.storyboard;
			sourceTree = "<group>";
		};
		FEC1D9BC1F15AD7C00910731 /* LaunchScreen.storyboard */ = {
			isa = PBXVariantGroup;
			children = (
				FEC1D9BD1F15AD7C00910731 /* Base */,
			);
			name = LaunchScreen.storyboard;
			sourceTree = "<group>";
		};
/* End PBXVariantGroup section */

/* Begin XCBuildConfiguration section */
		FEC1D9C01F15AD7C00910731 /* Debug */ = {
			isa = XCBuildConfiguration;
			buildSettings = {
				ALWAYS_SEARCH_USER_PATHS = NO;
				CLANG_ANALYZER_NONNULL = YES;
				CLANG_CXX_LANGUAGE_STANDARD = "gnu++0x";
				CLANG_CXX_LIBRARY = "libc++";
				CLANG_ENABLE_MODULES = YES;
				CLANG_ENABLE_OBJC_ARC = YES;
				CLANG_WARN_BOOL_CONVERSION = YES;
				CLANG_WARN_CONSTANT_CONVERSION = YES;
				CLANG_WARN_DIRECT_OBJC_ISA_USAGE = YES_ERROR;
				CLANG_WARN_DOCUMENTATION_COMMENTS = YES;
				CLANG_WARN_EMPTY_BODY = YES;
				CLANG_WARN_ENUM_CONVERSION = YES;
				CLANG_WARN_INFINITE_RECURSION = YES;
				CLANG_WARN_INT_CONVERSION = YES;
				CLANG_WARN_OBJC_ROOT_CLASS = YES_ERROR;
				CLANG_WARN_SUSPICIOUS_MOVE = YES;
				CLANG_WARN_UNREACHABLE_CODE = YES;
				CLANG_WARN__DUPLICATE_METHOD_MATCH = YES;
				"CODE_SIGN_IDENTITY[sdk=iphoneos*]" = "iPhone Developer";
				COPY_PHASE_STRIP = NO;
				DEBUG_INFORMATION_FORMAT = dwarf;
				ENABLE_STRICT_OBJC_MSGSEND = YES;
				ENABLE_TESTABILITY = YES;
				GCC_C_LANGUAGE_STANDARD = gnu99;
				GCC_DYNAMIC_NO_PIC = NO;
				GCC_NO_COMMON_BLOCKS = YES;
				GCC_OPTIMIZATION_LEVEL = 0;
				GCC_PREPROCESSOR_DEFINITIONS = (
					"DEBUG=1",
					"$(inherited)",
				);
				GCC_WARN_64_TO_32_BIT_CONVERSION = YES;
				GCC_WARN_ABOUT_RETURN_TYPE = YES_ERROR;
				GCC_WARN_UNDECLARED_SELECTOR = YES;
				GCC_WARN_UNINITIALIZED_AUTOS = YES_AGGRESSIVE;
				GCC_WARN_UNUSED_FUNCTION = YES;
				GCC_WARN_UNUSED_VARIABLE = YES;
				IPHONEOS_DEPLOYMENT_TARGET = 10.2;
				MTL_ENABLE_DEBUG_INFO = YES;
				ONLY_ACTIVE_ARCH = YES;
				SDKROOT = iphoneos;
				SWIFT_ACTIVE_COMPILATION_CONDITIONS = DEBUG;
				SWIFT_OPTIMIZATION_LEVEL = "-Onone";
				TARGETED_DEVICE_FAMILY = "1,2";
			};
			name = Debug;
		};
		FEC1D9C11F15AD7C00910731 /* Release */ = {
			isa = XCBuildConfiguration;
			buildSettings = {
				ALWAYS_SEARCH_USER_PATHS = NO;
				CLANG_ANALYZER_NONNULL = YES;
				CLANG_CXX_LANGUAGE_STANDARD = "gnu++0x";
				CLANG_CXX_LIBRARY = "libc++";
				CLANG_ENABLE_MODULES = YES;
				CLANG_ENABLE_OBJC_ARC = YES;
				CLANG_WARN_BOOL_CONVERSION = YES;
				CLANG_WARN_CONSTANT_CONVERSION = YES;
				CLANG_WARN_DIRECT_OBJC_ISA_USAGE = YES_ERROR;
				CLANG_WARN_DOCUMENTATION_COMMENTS = YES;
				CLANG_WARN_EMPTY_BODY = YES;
				CLANG_WARN_ENUM_CONVERSION = YES;
				CLANG_WARN_INFINITE_RECURSION = YES;
				CLANG_WARN_INT_CONVERSION = YES;
				CLANG_WARN_OBJC_ROOT_CLASS = YES_ERROR;
				CLANG_WARN_SUSPICIOUS_MOVE = YES;
				CLANG_WARN_UNREACHABLE_CODE = YES;
				CLANG_WARN__DUPLICATE_METHOD_MATCH = YES;
				"CODE_SIGN_IDENTITY[sdk=iphoneos*]" = "iPhone Developer";
				COPY_PHASE_STRIP = NO;
				DEBUG_INFORMATION_FORMAT = "dwarf-with-dsym";
				ENABLE_NS_ASSERTIONS = NO;
				ENABLE_STRICT_OBJC_MSGSEND = YES;
				GCC_C_LANGUAGE_STANDARD = gnu99;
				GCC_NO_COMMON_BLOCKS = YES;
				GCC_WARN_64_TO_32_BIT_CONVERSION = YES;
				GCC_WARN_ABOUT_RETURN_TYPE = YES_ERROR;
				GCC_WARN_UNDECLARED_SELECTOR = YES;
				GCC_WARN_UNINITIALIZED_AUTOS = YES_AGGRESSIVE;
				GCC_WARN_UNUSED_FUNCTION = YES;
				GCC_WARN_UNUSED_VARIABLE = YES;
				IPHONEOS_DEPLOYMENT_TARGET = 10.2;
				MTL_ENABLE_DEBUG_INFO = NO;
				SDKROOT = iphoneos;
				SWIFT_OPTIMIZATION_LEVEL = "-Owholemodule";
				TARGETED_DEVICE_FAMILY = "1,2";
				VALIDATE_PRODUCT = YES;
			};
			name = Release;
		};
		FEC1D9C31F15AD7C00910731 /* Debug */ = {
			isa = XCBuildConfiguration;
			buildSettings = {
				ASSETCATALOG_COMPILER_APPICON_NAME = AppIcon;
				DEVELOPMENT_TEAM = G26695ASWW;
				INFOPLIST_FILE = Calculator/Info.plist;
				LD_RUNPATH_SEARCH_PATHS = "$(inherited) @executable_path/Frameworks";
				PRODUCT_BUNDLE_IDENTIFIER = com.tonyqiu1019.Calculator;
				PRODUCT_NAME = "$(TARGET_NAME)";
				SWIFT_VERSION = 3.0;
			};
			name = Debug;
		};
		FEC1D9C41F15AD7C00910731 /* Release */ = {
			isa = XCBuildConfiguration;
			buildSettings = {
				ASSETCATALOG_COMPILER_APPICON_NAME = AppIcon;
				DEVELOPMENT_TEAM = G26695ASWW;
				INFOPLIST_FILE = Calculator/Info.plist;
				LD_RUNPATH_SEARCH_PATHS = "$(inherited) @executable_path/Frameworks";
				PRODUCT_BUNDLE_IDENTIFIER = com.tonyqiu1019.Calculator;
				PRODUCT_NAME = "$(TARGET_NAME)";
				SWIFT_VERSION = 3.0;
			};
			name = Release;
		};
/* End XCBuildConfiguration section */

/* Begin XCConfigurationList section */
		FEC1D9AB1F15AD7B00910731 /* Build configuration list for PBXProject "Calculator" */ = {
			isa = XCConfigurationList;
			buildConfigurations = (
				FEC1D9C01F15AD7C00910731 /* Debug */,
				FEC1D9C11F15AD7C00910731 /* Release */,
			);
			defaultConfigurationIsVisible = 0;
			defaultConfigurationName = Release;
		};
		FEC1D9C21F15AD7C00910731 /* Build configuration list for PBXNativeTarget "Calculator" */ = {
			isa = XCConfigurationList;
			buildConfigurations = (
				FEC1D9C31F15AD7C00910731 /* Debug */,
				FEC1D9C41F15AD7C00910731 /* Release */,
			);
			defaultConfigurationIsVisible = 0;
			defaultConfigurationName = Release;
		};
/* End XCConfigurationList section */
	};
	rootObject = FEC1D9A81F15AD7B00910731 /* Project object */;
}
